
Microsoft Visual Studio Solution File, Format Version 12.00
# Visual Studio Version 16
VisualStudioVersion = 16.0.30523.141
MinimumVisualStudioVersion = 10.0.40219.1
Project("{FAE04EC0-301F-11D3-BF4B-00C04F79EFBC}") = "ApiPeliculas", "AapiPeliculas\ApiPeliculas.csproj", "{4A0BDE15-42FD-48FE-A569-AF1B9C83251A}"
EndProject
Global
	GlobalSection(SolutionConfigurationPlatforms) = preSolution
		Debug|Any CPU = Debug|Any CPU
		Release|Any CPU = Release|Any CPU
	EndGlobalSection
	GlobalSection(ProjectConfigurationPlatforms) = postSolution
		{4A0BDE15-42FD-48FE-A569-AF1B9C83251A}.Debug|Any CPU.ActiveCfg = Debug|Any CPU
		{4A0BDE15-42FD-48FE-A569-AF1B9C83251A}.Debug|Any CPU.Build.0 = Debug|Any CPU
		{4A0BDE15-42FD-48FE-A569-AF1B9C83251A}.Release|Any CPU.ActiveCfg = Release|Any CPU
		{4A0BDE15-42FD-48FE-A569-AF1B9C83251A}.Release|Any CPU.Build.0 = Release|Any CPU
	EndGlobalSection
	GlobalSection(SolutionProperties) = preSolution
		HideSolutionNode = FALSE
	EndGlobalSection
	GlobalSection(ExtensibilityGlobals) = postSolution
		SolutionGuid = {63239F49-28F3-40DF-9D6D-58FD5D590707}
	EndGlobalSection
EndGlobal
